
Microsoft Visual Studio Solution File, Format Version 12.00
# Visual Studio Version 17
VisualStudioVersion = 17.6.33723.286
MinimumVisualStudioVersion = 10.0.40219.1
Project("{FAE04EC0-301F-11D3-BF4B-00C04F79EFBC}") = "Ejercicio13Version1.Consola", "Ejercicio13Version1.Consola\Ejercicio13Version1.Consola.csproj", "{3799842E-0D6A-457F-A7C9-3EF9A729C4BD}"
EndProject
Project("{FAE04EC0-301F-11D3-BF4B-00C04F79EFBC}") = "Ejercicio13Version2.Consola", "Ejercicio13Version2.Consola\Ejercicio13Version2.Consola.csproj", "{75AD1E97-477D-4FB2-BD79-234D500F42C5}"
EndProject
Project("{FAE04EC0-301F-11D3-BF4B-00C04F79EFBC}") = "Ejercicio13", "Ejercicio13\Ejercicio13.csproj", "{EC798321-87FE-4DC3-9D1D-5EF6F434DB1A}"
EndProject
Global
	GlobalSection(SolutionConfigurationPlatforms) = preSolution
		Debug|Any CPU = Debug|Any CPU
		Release|Any CPU = Release|Any CPU
	EndGlobalSection
	GlobalSection(ProjectConfigurationPlatforms) = postSolution
		{3799842E-0D6A-457F-A7C9-3EF9A729C4BD}.Debug|Any CPU.ActiveCfg = Debug|Any CPU
		{3799842E-0D6A-457F-A7C9-3EF9A729C4BD}.Debug|Any CPU.Build.0 = Debug|Any CPU
		{3799842E-0D6A-457F-A7C9-3EF9A729C4BD}.Release|Any CPU.ActiveCfg = Release|Any CPU
		{3799842E-0D6A-457F-A7C9-3EF9A729C4BD}.Release|Any CPU.Build.0 = Release|Any CPU
		{75AD1E97-477D-4FB2-BD79-234D500F42C5}.Debug|Any CPU.ActiveCfg = Debug|Any CPU
		{75AD1E97-477D-4FB2-BD79-234D500F42C5}.Debug|Any CPU.Build.0 = Debug|Any CPU
		{75AD1E97-477D-4FB2-BD79-234D500F42C5}.Release|Any CPU.ActiveCfg = Release|Any CPU
		{75AD1E97-477D-4FB2-BD79-234D500F42C5}.Release|Any CPU.Build.0 = Release|Any CPU
		{EC798321-87FE-4DC3-9D1D-5EF6F434DB1A}.Debug|Any CPU.ActiveCfg = Debug|Any CPU
		{EC798321-87FE-4DC3-9D1D-5EF6F434DB1A}.Debug|Any CPU.Build.0 = Debug|Any CPU
		{EC798321-87FE-4DC3-9D1D-5EF6F434DB1A}.Release|Any CPU.ActiveCfg = Release|Any CPU
		{EC798321-87FE-4DC3-9D1D-5EF6F434DB1A}.Release|Any CPU.Build.0 = Release|Any CPU
	EndGlobalSection
	GlobalSection(SolutionProperties) = preSolution
		HideSolutionNode = FALSE
	EndGlobalSection
	GlobalSection(ExtensibilityGlobals) = postSolution
		SolutionGuid = {3F1A4C5C-4C42-46B0-B7D4-E0D63EFB97F7}
	EndGlobalSection
EndGlobal
